<Solution>
  <Project Path="CinemaManager.DB/CinemaManager.DB.csproj" />
  <Project Path="CinemaManager.MAUI/CinemaManager.MAUI.csproj" Id="d458523d-0154-47d5-a8b3-4b3d4b8aa2f7">
    <BuildDependency Project="CinemaManager.Services/CinemaManager.Services.csproj" />
    <Deploy Solution="Debug|*" />
  </Project>
  <Project Path="CinemaManager.Models/CinemaManager.Models.csproj" />
  <Project Path="CinemaManager.Services/CinemaManager.Services.csproj" Id="9c6f3352-a715-43f1-b143-678a0f769b7e">
    <BuildDependency Project="CinemaManager.DB/CinemaManager.DB.csproj" />
    <BuildDependency Project="CinemaManager.Models/CinemaManager.Models.csproj" />
  </Project>
</Solution>
